
Microsoft Visual Studio Solution File, Format Version 12.00
# Visual Studio Version 17
VisualStudioVersion = 17.7.34018.315
MinimumVisualStudioVersion = 10.0.40219.1
Project("{FAE04EC0-301F-11D3-BF4B-00C04F79EFBC}") = "uppgift 4.3", "uppgift 4.3\uppgift 4.3.csproj", "{77C624F6-37C6-41CC-8DF0-2E054C1ACCED}"
EndProject
Global
	GlobalSection(SolutionConfigurationPlatforms) = preSolution
		Debug|Any CPU = Debug|Any CPU
		Release|Any CPU = Release|Any CPU
	EndGlobalSection
	GlobalSection(ProjectConfigurationPlatforms) = postSolution
		{77C624F6-37C6-41CC-8DF0-2E054C1ACCED}.Debug|Any CPU.ActiveCfg = Debug|Any CPU
		{77C624F6-37C6-41CC-8DF0-2E054C1ACCED}.Debug|Any CPU.Build.0 = Debug|Any CPU
		{77C624F6-37C6-41CC-8DF0-2E054C1ACCED}.Release|Any CPU.ActiveCfg = Release|Any CPU
		{77C624F6-37C6-41CC-8DF0-2E054C1ACCED}.Release|Any CPU.Build.0 = Release|Any CPU
	EndGlobalSection
	GlobalSection(SolutionProperties) = preSolution
		HideSolutionNode = FALSE
	EndGlobalSection
	GlobalSection(ExtensibilityGlobals) = postSolution
		SolutionGuid = {0810AFF7-165D-48D7-8B20-A81C6EF114CD}
	EndGlobalSection
EndGlobal
